
Microsoft Visual Studio Solution File, Format Version 12.00
# Visual Studio Version 17
VisualStudioVersion = 17.5.33414.496
MinimumVisualStudioVersion = 10.0.40219.1
Project("{9A19103F-16F7-4668-BE54-9A1E7A4F7556}") = "DataGather", "DataGather\DataGather.csproj", "{B42D53E8-8EC0-4DD6-975E-CC9613BE9440}"
EndProject
Project("{9A19103F-16F7-4668-BE54-9A1E7A4F7556}") = "CoreLib", "CoreLib\CoreLib.csproj", "{D40B8299-1B20-43F7-ACA0-A5987E3A62C2}"
EndProject
Project("{2150E333-8FDC-42A3-9474-1A3956D46DE8}") = "Solution Items", "Solution Items", "{72B1A0FE-5F65-4BB2-ABF2-70BC93E726F1}"
	ProjectSection(SolutionItems) = preProject
		.editorconfig = .editorconfig
	EndProjectSection
EndProject
Project("{9A19103F-16F7-4668-BE54-9A1E7A4F7556}") = "DataStreamDisplayer", "DataStreamDisplayer\DataStreamDisplayer.csproj", "{116A6DCF-5BDF-4AA8-AADB-175B08019FA8}"
EndProject
Project("{9A19103F-16F7-4668-BE54-9A1E7A4F7556}") = "NodeStatistics", "NodeStatistics\NodeStatistics.csproj", "{C4929146-9BC3-4AE0-B573-7FCF39A9B2BD}"
EndProject
Project("{9A19103F-16F7-4668-BE54-9A1E7A4F7556}") = "OrderbookVisualiser", "OrderbookVisualiser\OrderbookVisualiser.csproj", "{89220F29-197B-454F-8336-B016CA049E5C}"
EndProject
Project("{9A19103F-16F7-4668-BE54-9A1E7A4F7556}") = "SellChainer", "SellChainer\SellChainer.csproj", "{1A3C4814-25F1-450E-A52F-3C59610517E3}"
EndProject
Project("{FAE04EC0-301F-11D3-BF4B-00C04F79EFBC}") = "WebRouter", "WebRouter\WebRouter.csproj", "{5D24F8E9-3E7D-4BBA-8D04-1A52AD592C26}"
EndProject
Global
	GlobalSection(SolutionConfigurationPlatforms) = preSolution
		Debug|Any CPU = Debug|Any CPU
		Debug|ARM64 = Debug|ARM64
		Debug|x64 = Debug|x64
		Release|Any CPU = Release|Any CPU
		Release|ARM64 = Release|ARM64
		Release|x64 = Release|x64
	EndGlobalSection
	GlobalSection(ProjectConfigurationPlatforms) = postSolution
		{B42D53E8-8EC0-4DD6-975E-CC9613BE9440}.Debug|Any CPU.ActiveCfg = Debug|Any CPU
		{B42D53E8-8EC0-4DD6-975E-CC9613BE9440}.Debug|Any CPU.Build.0 = Debug|Any CPU
		{B42D53E8-8EC0-4DD6-975E-CC9613BE9440}.Debug|ARM64.ActiveCfg = Debug|ARM64
		{B42D53E8-8EC0-4DD6-975E-CC9613BE9440}.Debug|ARM64.Build.0 = Debug|ARM64
		{B42D53E8-8EC0-4DD6-975E-CC9613BE9440}.Debug|x64.ActiveCfg = Debug|x64
		{B42D53E8-8EC0-4DD6-975E-CC9613BE9440}.Debug|x64.Build.0 = Debug|x64
		{B42D53E8-8EC0-4DD6-975E-CC9613BE9440}.Release|Any CPU.ActiveCfg = Release|Any CPU
		{B42D53E8-8EC0-4DD6-975E-CC9613BE9440}.Release|Any CPU.Build.0 = Release|Any CPU
		{B42D53E8-8EC0-4DD6-975E-CC9613BE9440}.Release|ARM64.ActiveCfg = Release|ARM64
		{B42D53E8-8EC0-4DD6-975E-CC9613BE9440}.Release|ARM64.Build.0 = Release|ARM64
		{B42D53E8-8EC0-4DD6-975E-CC9613BE9440}.Release|x64.ActiveCfg = Release|x64
		{B42D53E8-8EC0-4DD6-975E-CC9613BE9440}.Release|x64.Build.0 = Release|x64
		{D40B8299-1B20-43F7-ACA0-A5987E3A62C2}.Debug|Any CPU.ActiveCfg = Debug|Any CPU
		{D40B8299-1B20-43F7-ACA0-A5987E3A62C2}.Debug|Any CPU.Build.0 = Debug|Any CPU
		{D40B8299-1B20-43F7-ACA0-A5987E3A62C2}.Debug|ARM64.ActiveCfg = Debug|ARM64
		{D40B8299-1B20-43F7-ACA0-A5987E3A62C2}.Debug|ARM64.Build.0 = Debug|ARM64
		{D40B8299-1B20-43F7-ACA0-A5987E3A62C2}.Debug|x64.ActiveCfg = Debug|x64
		{D40B8299-1B20-43F7-ACA0-A5987E3A62C2}.Debug|x64.Build.0 = Debug|x64
		{D40B8299-1B20-43F7-ACA0-A5987E3A62C2}.Release|Any CPU.ActiveCfg = Release|Any CPU
		{D40B8299-1B20-43F7-ACA0-A5987E3A62C2}.Release|Any CPU.Build.0 = Release|Any CPU
		{D40B8299-1B20-43F7-ACA0-A5987E3A62C2}.Release|ARM64.ActiveCfg = Release|ARM64
		{D40B8299-1B20-43F7-ACA0-A5987E3A62C2}.Release|ARM64.Build.0 = Release|ARM64
		{D40B8299-1B20-43F7-ACA0-A5987E3A62C2}.Release|x64.ActiveCfg = Release|x64
		{D40B8299-1B20-43F7-ACA0-A5987E3A62C2}.Release|x64.Build.0 = Release|x64
		{116A6DCF-5BDF-4AA8-AADB-175B08019FA8}.Debug|Any CPU.ActiveCfg = Debug|Any CPU
		{116A6DCF-5BDF-4AA8-AADB-175B08019FA8}.Debug|Any CPU.Build.0 = Debug|Any CPU
		{116A6DCF-5BDF-4AA8-AADB-175B08019FA8}.Debug|ARM64.ActiveCfg = Debug|ARM64
		{116A6DCF-5BDF-4AA8-AADB-175B08019FA8}.Debug|ARM64.Build.0 = Debug|ARM64
		{116A6DCF-5BDF-4AA8-AADB-175B08019FA8}.Debug|x64.ActiveCfg = Debug|x64
		{116A6DCF-5BDF-4AA8-AADB-175B08019FA8}.Debug|x64.Build.0 = Debug|x64
		{116A6DCF-5BDF-4AA8-AADB-175B08019FA8}.Release|Any CPU.ActiveCfg = Release|Any CPU
		{116A6DCF-5BDF-4AA8-AADB-175B08019FA8}.Release|Any CPU.Build.0 = Release|Any CPU
		{116A6DCF-5BDF-4AA8-AADB-175B08019FA8}.Release|ARM64.ActiveCfg = Release|ARM64
		{116A6DCF-5BDF-4AA8-AADB-175B08019FA8}.Release|ARM64.Build.0 = Release|ARM64
		{116A6DCF-5BDF-4AA8-AADB-175B08019FA8}.Release|x64.ActiveCfg = Release|x64
		{116A6DCF-5BDF-4AA8-AADB-175B08019FA8}.Release|x64.Build.0 = Release|x64
		{C4929146-9BC3-4AE0-B573-7FCF39A9B2BD}.Debug|Any CPU.ActiveCfg = Debug|Any CPU
		{C4929146-9BC3-4AE0-B573-7FCF39A9B2BD}.Debug|Any CPU.Build.0 = Debug|Any CPU
		{C4929146-9BC3-4AE0-B573-7FCF39A9B2BD}.Debug|ARM64.ActiveCfg = Debug|Any CPU
		{C4929146-9BC3-4AE0-B573-7FCF39A9B2BD}.Debug|ARM64.Build.0 = Debug|Any CPU
		{C4929146-9BC3-4AE0-B573-7FCF39A9B2BD}.Debug|x64.ActiveCfg = Debug|Any CPU
		{C4929146-9BC3-4AE0-B573-7FCF39A9B2BD}.Debug|x64.Build.0 = Debug|Any CPU
		{C4929146-9BC3-4AE0-B573-7FCF39A9B2BD}.Release|Any CPU.ActiveCfg = Release|Any CPU
		{C4929146-9BC3-4AE0-B573-7FCF39A9B2BD}.Release|Any CPU.Build.0 = Release|Any CPU
		{C4929146-9BC3-4AE0-B573-7FCF39A9B2BD}.Release|ARM64.ActiveCfg = Release|Any CPU
		{C4929146-9BC3-4AE0-B573-7FCF39A9B2BD}.Release|ARM64.Build.0 = Release|Any CPU
		{C4929146-9BC3-4AE0-B573-7FCF39A9B2BD}.Release|x64.ActiveCfg = Release|Any CPU
		{C4929146-9BC3-4AE0-B573-7FCF39A9B2BD}.Release|x64.Build.0 = Release|Any CPU
		{89220F29-197B-454F-8336-B016CA049E5C}.Debug|Any CPU.ActiveCfg = Debug|Any CPU
		{89220F29-197B-454F-8336-B016CA049E5C}.Debug|Any CPU.Build.0 = Debug|Any CPU
		{89220F29-197B-454F-8336-B016CA049E5C}.Debug|ARM64.ActiveCfg = Debug|Any CPU
		{89220F29-197B-454F-8336-B016CA049E5C}.Debug|ARM64.Build.0 = Debug|Any CPU
		{89220F29-197B-454F-8336-B016CA049E5C}.Debug|x64.ActiveCfg = Debug|Any CPU
		{89220F29-197B-454F-8336-B016CA049E5C}.Debug|x64.Build.0 = Debug|Any CPU
		{89220F29-197B-454F-8336-B016CA049E5C}.Release|Any CPU.ActiveCfg = Release|Any CPU
		{89220F29-197B-454F-8336-B016CA049E5C}.Release|Any CPU.Build.0 = Release|Any CPU
		{89220F29-197B-454F-8336-B016CA049E5C}.Release|ARM64.ActiveCfg = Release|Any CPU
		{89220F29-197B-454F-8336-B016CA049E5C}.Release|ARM64.Build.0 = Release|Any CPU
		{89220F29-197B-454F-8336-B016CA049E5C}.Release|x64.ActiveCfg = Release|Any CPU
		{89220F29-197B-454F-8336-B016CA049E5C}.Release|x64.Build.0 = Release|Any CPU
		{1A3C4814-25F1-450E-A52F-3C59610517E3}.Debug|Any CPU.ActiveCfg = Debug|Any CPU
		{1A3C4814-25F1-450E-A52F-3C59610517E3}.Debug|Any CPU.Build.0 = Debug|Any CPU
		{1A3C4814-25F1-450E-A52F-3C59610517E3}.Debug|ARM64.ActiveCfg = Debug|Any CPU
		{1A3C4814-25F1-450E-A52F-3C59610517E3}.Debug|ARM64.Build.0 = Debug|Any CPU
		{1A3C4814-25F1-450E-A52F-3C59610517E3}.Debug|x64.ActiveCfg = Debug|Any CPU
		{1A3C4814-25F1-450E-A52F-3C59610517E3}.Debug|x64.Build.0 = Debug|Any CPU
		{1A3C4814-25F1-450E-A52F-3C59610517E3}.Release|Any CPU.ActiveCfg = Release|Any CPU
		{1A3C4814-25F1-450E-A52F-3C59610517E3}.Release|Any CPU.Build.0 = Release|Any CPU
		{1A3C4814-25F1-450E-A52F-3C59610517E3}.Release|ARM64.ActiveCfg = Release|Any CPU
		{1A3C4814-25F1-450E-A52F-3C59610517E3}.Release|ARM64.Build.0 = Release|Any CPU
		{1A3C4814-25F1-450E-A52F-3C59610517E3}.Release|x64.ActiveCfg = Release|Any CPU
		{1A3C4814-25F1-450E-A52F-3C59610517E3}.Release|x64.Build.0 = Release|Any CPU
		{5D24F8E9-3E7D-4BBA-8D04-1A52AD592C26}.Debug|Any CPU.ActiveCfg = Debug|Any CPU
		{5D24F8E9-3E7D-4BBA-8D04-1A52AD592C26}.Debug|Any CPU.Build.0 = Debug|Any CPU
		{5D24F8E9-3E7D-4BBA-8D04-1A52AD592C26}.Debug|ARM64.ActiveCfg = Debug|Any CPU
		{5D24F8E9-3E7D-4BBA-8D04-1A52AD592C26}.Debug|ARM64.Build.0 = Debug|Any CPU
		{5D24F8E9-3E7D-4BBA-8D04-1A52AD592C26}.Debug|x64.ActiveCfg = Debug|Any CPU
		{5D24F8E9-3E7D-4BBA-8D04-1A52AD592C26}.Debug|x64.Build.0 = Debug|Any CPU
		{5D24F8E9-3E7D-4BBA-8D04-1A52AD592C26}.Release|Any CPU.ActiveCfg = Release|Any CPU
		{5D24F8E9-3E7D-4BBA-8D04-1A52AD592C26}.Release|Any CPU.Build.0 = Release|Any CPU
		{5D24F8E9-3E7D-4BBA-8D04-1A52AD592C26}.Release|ARM64.ActiveCfg = Release|Any CPU
		{5D24F8E9-3E7D-4BBA-8D04-1A52AD592C26}.Release|ARM64.Build.0 = Release|Any CPU
		{5D24F8E9-3E7D-4BBA-8D04-1A52AD592C26}.Release|x64.ActiveCfg = Release|Any CPU
		{5D24F8E9-3E7D-4BBA-8D04-1A52AD592C26}.Release|x64.Build.0 = Release|Any CPU
	EndGlobalSection
	GlobalSection(SolutionProperties) = preSolution
		HideSolutionNode = FALSE
	EndGlobalSection
	GlobalSection(ExtensibilityGlobals) = postSolution
		SolutionGuid = {7CD48E3E-4250-46FC-8255-6C5769866AD4}
	EndGlobalSection
EndGlobal
